
Microsoft Visual Studio Solution File, Format Version 11.00
# Visual Studio 2010
Project("{FAE04EC0-301F-11D3-BF4B-00C04F79EFBC}") = "WcfTest.Greeter.Contracts", "WcfTest.Contracts\WcfTest.Greeter.Contracts.csproj", "{382927AE-47CE-490F-8374-09554D3B234A}"
EndProject
Project("{FAE04EC0-301F-11D3-BF4B-00C04F79EFBC}") = "WcfTest.Greeter.Service", "WcfTest.Service\WcfTest.Greeter.Service.csproj", "{955777FA-098D-4E9E-9CFC-1F1F0A785DAC}"
EndProject
Project("{FAE04EC0-301F-11D3-BF4B-00C04F79EFBC}") = "WcfTest.Host", "WcfTest.Host\WcfTest.Host.csproj", "{27FA6E35-9D52-4664-8AC7-623ABF801816}"
EndProject
Project("{FAE04EC0-301F-11D3-BF4B-00C04F79EFBC}") = "WcfTest.ClientProxy", "WcfTest.Greeter.Client\WcfTest.ClientProxy.csproj", "{6D0336B9-CAF8-4ECA-A87D-2806A8AF1E5C}"
EndProject
Project("{FAE04EC0-301F-11D3-BF4B-00C04F79EFBC}") = "WcfTest.Client", "WcfTest.Client\WcfTest.Client.csproj", "{7C89F5B8-388E-4C11-A9E8-0FF46567C9DF}"
EndProject
Project("{2150E333-8FDC-42A3-9474-1A3956D46DE8}") = ".nuget", ".nuget", "{6CA862AB-D258-4D07-A8F9-DADF5C23B973}"
EndProject
Global
	GlobalSection(SolutionConfigurationPlatforms) = preSolution
		Debug|Any CPU = Debug|Any CPU
		Debug|Mixed Platforms = Debug|Mixed Platforms
		Debug|x86 = Debug|x86
		Release|Any CPU = Release|Any CPU
		Release|Mixed Platforms = Release|Mixed Platforms
		Release|x86 = Release|x86
	EndGlobalSection
	GlobalSection(ProjectConfigurationPlatforms) = postSolution
		{382927AE-47CE-490F-8374-09554D3B234A}.Debug|Any CPU.ActiveCfg = Debug|Any CPU
		{382927AE-47CE-490F-8374-09554D3B234A}.Debug|Any CPU.Build.0 = Debug|Any CPU
		{382927AE-47CE-490F-8374-09554D3B234A}.Debug|Mixed Platforms.ActiveCfg = Debug|Any CPU
		{382927AE-47CE-490F-8374-09554D3B234A}.Debug|Mixed Platforms.Build.0 = Debug|Any CPU
		{382927AE-47CE-490F-8374-09554D3B234A}.Debug|x86.ActiveCfg = Debug|Any CPU
		{382927AE-47CE-490F-8374-09554D3B234A}.Release|Any CPU.ActiveCfg = Release|Any CPU
		{382927AE-47CE-490F-8374-09554D3B234A}.Release|Any CPU.Build.0 = Release|Any CPU
		{382927AE-47CE-490F-8374-09554D3B234A}.Release|Mixed Platforms.ActiveCfg = Release|Any CPU
		{382927AE-47CE-490F-8374-09554D3B234A}.Release|Mixed Platforms.Build.0 = Release|Any CPU
		{382927AE-47CE-490F-8374-09554D3B234A}.Release|x86.ActiveCfg = Release|Any CPU
		{955777FA-098D-4E9E-9CFC-1F1F0A785DAC}.Debug|Any CPU.ActiveCfg = Debug|Any CPU
		{955777FA-098D-4E9E-9CFC-1F1F0A785DAC}.Debug|Any CPU.Build.0 = Debug|Any CPU
		{955777FA-098D-4E9E-9CFC-1F1F0A785DAC}.Debug|Mixed Platforms.ActiveCfg = Debug|Any CPU
		{955777FA-098D-4E9E-9CFC-1F1F0A785DAC}.Debug|Mixed Platforms.Build.0 = Debug|Any CPU
		{955777FA-098D-4E9E-9CFC-1F1F0A785DAC}.Debug|x86.ActiveCfg = Debug|Any CPU
		{955777FA-098D-4E9E-9CFC-1F1F0A785DAC}.Release|Any CPU.ActiveCfg = Release|Any CPU
		{955777FA-098D-4E9E-9CFC-1F1F0A785DAC}.Release|Any CPU.Build.0 = Release|Any CPU
		{955777FA-098D-4E9E-9CFC-1F1F0A785DAC}.Release|Mixed Platforms.ActiveCfg = Release|Any CPU
		{955777FA-098D-4E9E-9CFC-1F1F0A785DAC}.Release|Mixed Platforms.Build.0 = Release|Any CPU
		{955777FA-098D-4E9E-9CFC-1F1F0A785DAC}.Release|x86.ActiveCfg = Release|Any CPU
		{27FA6E35-9D52-4664-8AC7-623ABF801816}.Debug|Any CPU.ActiveCfg = Debug|x86
		{27FA6E35-9D52-4664-8AC7-623ABF801816}.Debug|Mixed Platforms.ActiveCfg = Debug|x86
		{27FA6E35-9D52-4664-8AC7-623ABF801816}.Debug|Mixed Platforms.Build.0 = Debug|x86
		{27FA6E35-9D52-4664-8AC7-623ABF801816}.Debug|x86.ActiveCfg = Debug|x86
		{27FA6E35-9D52-4664-8AC7-623ABF801816}.Debug|x86.Build.0 = Debug|x86
		{27FA6E35-9D52-4664-8AC7-623ABF801816}.Release|Any CPU.ActiveCfg = Release|x86
		{27FA6E35-9D52-4664-8AC7-623ABF801816}.Release|Mixed Platforms.ActiveCfg = Release|x86
		{27FA6E35-9D52-4664-8AC7-623ABF801816}.Release|Mixed Platforms.Build.0 = Release|x86
		{27FA6E35-9D52-4664-8AC7-623ABF801816}.Release|x86.ActiveCfg = Release|x86
		{27FA6E35-9D52-4664-8AC7-623ABF801816}.Release|x86.Build.0 = Release|x86
		{6D0336B9-CAF8-4ECA-A87D-2806A8AF1E5C}.Debug|Any CPU.ActiveCfg = Debug|Any CPU
		{6D0336B9-CAF8-4ECA-A87D-2806A8AF1E5C}.Debug|Any CPU.Build.0 = Debug|Any CPU
		{6D0336B9-CAF8-4ECA-A87D-2806A8AF1E5C}.Debug|Mixed Platforms.ActiveCfg = Debug|Any CPU
		{6D0336B9-CAF8-4ECA-A87D-2806A8AF1E5C}.Debug|Mixed Platforms.Build.0 = Debug|Any CPU
		{6D0336B9-CAF8-4ECA-A87D-2806A8AF1E5C}.Debug|x86.ActiveCfg = Debug|Any CPU
		{6D0336B9-CAF8-4ECA-A87D-2806A8AF1E5C}.Release|Any CPU.ActiveCfg = Release|Any CPU
		{6D0336B9-CAF8-4ECA-A87D-2806A8AF1E5C}.Release|Any CPU.Build.0 = Release|Any CPU
		{6D0336B9-CAF8-4ECA-A87D-2806A8AF1E5C}.Release|Mixed Platforms.ActiveCfg = Release|Any CPU
		{6D0336B9-CAF8-4ECA-A87D-2806A8AF1E5C}.Release|Mixed Platforms.Build.0 = Release|Any CPU
		{6D0336B9-CAF8-4ECA-A87D-2806A8AF1E5C}.Release|x86.ActiveCfg = Release|Any CPU
		{7C89F5B8-388E-4C11-A9E8-0FF46567C9DF}.Debug|Any CPU.ActiveCfg = Debug|x86
		{7C89F5B8-388E-4C11-A9E8-0FF46567C9DF}.Debug|Mixed Platforms.ActiveCfg = Debug|x86
		{7C89F5B8-388E-4C11-A9E8-0FF46567C9DF}.Debug|Mixed Platforms.Build.0 = Debug|x86
		{7C89F5B8-388E-4C11-A9E8-0FF46567C9DF}.Debug|x86.ActiveCfg = Debug|x86
		{7C89F5B8-388E-4C11-A9E8-0FF46567C9DF}.Debug|x86.Build.0 = Debug|x86
		{7C89F5B8-388E-4C11-A9E8-0FF46567C9DF}.Release|Any CPU.ActiveCfg = Release|x86
		{7C89F5B8-388E-4C11-A9E8-0FF46567C9DF}.Release|Mixed Platforms.ActiveCfg = Release|x86
		{7C89F5B8-388E-4C11-A9E8-0FF46567C9DF}.Release|Mixed Platforms.Build.0 = Release|x86
		{7C89F5B8-388E-4C11-A9E8-0FF46567C9DF}.Release|x86.ActiveCfg = Release|x86
		{7C89F5B8-388E-4C11-A9E8-0FF46567C9DF}.Release|x86.Build.0 = Release|x86
	EndGlobalSection
	GlobalSection(SolutionProperties) = preSolution
		HideSolutionNode = FALSE
	EndGlobalSection
EndGlobal
